<Solution>
    <Folder Name="/Solution Items/">
        <File Path=".editorconfig" />
        <File Path="Directory.Build.props" />
        <File Path="Directory.Packages.props" />
    </Folder>
    <Folder Name="/SupportToolsServerCore/">
        <Project Path="../SupportToolsServerCore/SupportToolsServerCore.Application.Abstractions/SupportToolsServerCore.Application.Abstractions.csproj" />
        <Project Path="../SupportToolsServerCore/SupportToolsServerCore.Domain/SupportToolsServerCore.Domain.csproj" />
    </Folder>
    <Folder Name="/SupportToolsServerDbPart/">
        <Project Path="../SupportToolsServerDbPart/SupportToolsServerDbPart.Db/SupportToolsServerDbPart.Db.csproj" />
    </Folder>
    <Folder Name="/SystemTools/">
        <Project Path="../SystemTools/SystemTools.DatabaseToolsShared/SystemTools.DatabaseToolsShared.csproj" />
        <Project Path="../SystemTools/SystemTools.Domain.Abstractions/SystemTools.Domain.Abstractions.csproj" />
        <Project Path="../SystemTools/SystemTools.RepositoriesShared/SystemTools.RepositoriesShared.csproj" />
        <Project Path="../SystemTools/SystemTools.SharedKernel/SystemTools.SharedKernel.csproj" />
        <Project Path="../SystemTools/SystemTools.SystemToolsShared/SystemTools.SystemToolsShared.csproj" />
    </Folder>
    <Project Path="SupportToolsServerDbTools.DbMigration/SupportToolsServerDbTools.DbMigration.csproj" />
    <Project Path="SupportToolsServerDbTools.FakeHost/SupportToolsServerDbTools.FakeHost.csproj" />
</Solution>
