<Solution>
    <Folder Name="/Solution Items/">
        <File Path=".editorconfig" />
        <File Path="Directory.Build.props" />
        <File Path="Directory.Packages.props" />
    </Folder>
    <Folder Name="/SupportToolsServer/">
        <Project Path="../SupportToolsServer/SupportToolsServer.Application/SupportToolsServer.Application.csproj" />
        <Project Path="../SupportToolsServer/SupportToolsServer.Domain/SupportToolsServer.Domain.csproj" />
    </Folder>
    <Folder Name="/SupportToolsServerDbPart/">
        <Project Path="../SupportToolsServerDbPart/SupportToolsServerDbPart.Db/SupportToolsServerDbPart.Db.csproj" />
    </Folder>
    <Folder Name="/SupportToolsServerShared/">
        <Project Path="../SupportToolsServerShared/SupportToolsServerApiContracts/SupportToolsServerApiContracts.csproj" />
    </Folder>
    <Folder Name="/SystemTools/">
        <Project Path="../SystemTools/SystemTools.ApiContracts/SystemTools.ApiContracts.csproj" />
        <Project Path="../SystemTools/SystemTools.Application.Abstractions/SystemTools.Application.Abstractions.csproj" />
        <Project Path="../SystemTools/SystemTools.DatabaseToolsShared/SystemTools.DatabaseToolsShared.csproj" />
        <Project Path="../SystemTools/SystemTools.SharedKernel/SystemTools.SharedKernel.csproj" />
        <Project Path="../SystemTools/SystemTools.StringMessagesApiContracts/SystemTools.StringMessagesApiContracts.csproj" />
        <Project Path="../SystemTools/SystemTools.SystemToolsShared/SystemTools.SystemToolsShared.csproj" />
    </Folder>
    <Project Path="SupportToolsServerDbTools.DbMigration/SupportToolsServerDbTools.DbMigration.csproj" />
    <Project Path="SupportToolsServerDbTools.FakeHost/SupportToolsServerDbTools.FakeHost.csproj" />
</Solution>
